// !$*UTF8*$!
{
	archiveVersion = 1;
	classes = {
	};
	objectVersion = 56;
	objects = {

/* Begin PBXBuildFile section */
		4B091B332CD339840092600B /* KeyboardFunctionViewModel.swift in Sources */ = {isa = PBXBuildFile; fileRef = 4B091B322CD3397D0092600B /* KeyboardFunctionViewModel.swift */; };
		4B091B362CD33DFA0092600B /* KeyboardFunctionView.swift in Sources */ = {isa = PBXBuildFile; fileRef = 4B091B352CD33DF20092600B /* KeyboardFunctionView.swift */; };
		4B091B392CD344430092600B /* GameBoardView.swift in Sources */ = {isa = PBXBuildFile; fileRef = 4B091B382CD3443B0092600B /* GameBoardView.swift */; };
		4B091B412CD587850092600B /* five_letter_words_easy.txt in Resources */ = {isa = PBXBuildFile; fileRef = 4B091B3E2CD587850092600B /* five_letter_words_easy.txt */; };
		4B091B422CD587850092600B /* five_letter_words_normal.txt in Resources */ = {isa = PBXBuildFile; fileRef = 4B091B402CD587850092600B /* five_letter_words_normal.txt */; };
		4B091B432CD587850092600B /* five_letter_words.txt in Resources */ = {isa = PBXBuildFile; fileRef = 4B091B3D2CD587850092600B /* five_letter_words.txt */; };
		4B091B442CD587850092600B /* five_letter_words_hard.txt in Resources */ = {isa = PBXBuildFile; fileRef = 4B091B3F2CD587850092600B /* five_letter_words_hard.txt */; };
		4B091B462CD588A00092600B /* WordListUtility.swift in Sources */ = {isa = PBXBuildFile; fileRef = 4B091B452CD588990092600B /* WordListUtility.swift */; };
		4B091B482CD597E40092600B /* five_letter_words.json in Resources */ = {isa = PBXBuildFile; fileRef = 4B091B472CD597E40092600B /* five_letter_words.json */; };
		4B091B4A2CD5EA170092600B /* WordIQDatabase.db in Resources */ = {isa = PBXBuildFile; fileRef = 4B091B492CD5EA170092600B /* WordIQDatabase.db */; };
		4B091B4C2CD5EAAA0092600B /* DatabaseHelper.swift in Sources */ = {isa = PBXBuildFile; fileRef = 4B091B4B2CD5EAA00092600B /* DatabaseHelper.swift */; };
		4B091B4E2CD6812D0092600B /* ZenModeViewModel.swift in Sources */ = {isa = PBXBuildFile; fileRef = 4B091B4D2CD681130092600B /* ZenModeViewModel.swift */; };
		4B091B512CD684800092600B /* StandardModeViewModel.swift in Sources */ = {isa = PBXBuildFile; fileRef = 4B091B502CD684780092600B /* StandardModeViewModel.swift */; };
		4B091B532CD684880092600B /* RushModeViewModel.swift in Sources */ = {isa = PBXBuildFile; fileRef = 4B091B522CD684830092600B /* RushModeViewModel.swift */; };
		4B091B552CD684900092600B /* FrenzyModeViewModel.swift in Sources */ = {isa = PBXBuildFile; fileRef = 4B091B542CD6848B0092600B /* FrenzyModeViewModel.swift */; };
		4B091B572CD68FF00092600B /* LetterComparison.swift in Sources */ = {isa = PBXBuildFile; fileRef = 4B091B562CD68FE90092600B /* LetterComparison.swift */; };
		4B091B582CD6F77A0092600B /* ShakeEffect.swift in Sources */ = {isa = PBXBuildFile; fileRef = 4BF592712CC338E200C555F6 /* ShakeEffect.swift */; };
		4B091B5A2CD830690092600B /* GameOverModel.swift in Sources */ = {isa = PBXBuildFile; fileRef = 4B091B592CD830630092600B /* GameOverModel.swift */; };
		4B091B5C2CD85C080092600B /* GameOverView.swift in Sources */ = {isa = PBXBuildFile; fileRef = 4B091B5B2CD85BF40092600B /* GameOverView.swift */; };
		4B091B5E2CD85CC80092600B /* GameOverViewModel.swift in Sources */ = {isa = PBXBuildFile; fileRef = 4B091B5D2CD85CC40092600B /* GameOverViewModel.swift */; };
		4B1852832CCEFC580054E5F4 /* GameLetterView.swift in Sources */ = {isa = PBXBuildFile; fileRef = 4B1852822CCEFC520054E5F4 /* GameLetterView.swift */; };
		4B1852852CCF01AE0054E5F4 /* GameWordView.swift in Sources */ = {isa = PBXBuildFile; fileRef = 4B1852842CCF01A80054E5F4 /* GameWordView.swift */; };
		4B1852872CCF05610054E5F4 /* KeyboardLetterView.swift in Sources */ = {isa = PBXBuildFile; fileRef = 4B1852862CCF05550054E5F4 /* KeyboardLetterView.swift */; };
		4B82B9D72CC072E2009A1502 /* WordIQApp.swift in Sources */ = {isa = PBXBuildFile; fileRef = 4B82B9D62CC072E2009A1502 /* WordIQApp.swift */; };
		4B82B9D92CC072E2009A1502 /* ContentView.swift in Sources */ = {isa = PBXBuildFile; fileRef = 4B82B9D82CC072E2009A1502 /* ContentView.swift */; };
		4B82B9DB2CC072E2009A1502 /* Item.swift in Sources */ = {isa = PBXBuildFile; fileRef = 4B82B9DA2CC072E2009A1502 /* Item.swift */; };
		4B82B9DD2CC072E4009A1502 /* Assets.xcassets in Resources */ = {isa = PBXBuildFile; fileRef = 4B82B9DC2CC072E4009A1502 /* Assets.xcassets */; };
		4B82B9E02CC072E4009A1502 /* Preview Assets.xcassets in Resources */ = {isa = PBXBuildFile; fileRef = 4B82B9DF2CC072E4009A1502 /* Preview Assets.xcassets */; };
		4BF5920D2CC07BBE00C555F6 /* GameDataModel.swift in Sources */ = {isa = PBXBuildFile; fileRef = 4BF5920C2CC07B9200C555F6 /* GameDataModel.swift */; };
		4BF592102CC07C1D00C555F6 /* GameMode.swift in Sources */ = {isa = PBXBuildFile; fileRef = 4BF5920F2CC07C1500C555F6 /* GameMode.swift */; };
		4BF592122CC07C2A00C555F6 /* GameResult.swift in Sources */ = {isa = PBXBuildFile; fileRef = 4BF592112CC07C2200C555F6 /* GameResult.swift */; };
		4BF592142CC07D1900C555F6 /* GameDifficulty.swift in Sources */ = {isa = PBXBuildFile; fileRef = 4BF592132CC07D1300C555F6 /* GameDifficulty.swift */; };
		4BF592182CC07F2400C555F6 /* GameViewModel.swift in Sources */ = {isa = PBXBuildFile; fileRef = 4BF592172CC07F0C00C555F6 /* GameViewModel.swift */; };
		4BF5921C2CC07FF100C555F6 /* ValidCharacters.swift in Sources */ = {isa = PBXBuildFile; fileRef = 4BF5921B2CC07FD600C555F6 /* ValidCharacters.swift */; };
		4BF5921E2CC0814900C555F6 /* KeyboardFunctions.swift in Sources */ = {isa = PBXBuildFile; fileRef = 4BF5921D2CC0813C00C555F6 /* KeyboardFunctions.swift */; };
		4BF592202CC0817400C555F6 /* SFAssets.swift in Sources */ = {isa = PBXBuildFile; fileRef = 4BF5921F2CC0816E00C555F6 /* SFAssets.swift */; };
		4BF592232CC0848A00C555F6 /* SplashScreenView.swift in Sources */ = {isa = PBXBuildFile; fileRef = 4BF592222CC0848000C555F6 /* SplashScreenView.swift */; };
		4BF592252CC086C200C555F6 /* RobotoSlabOptions.swift in Sources */ = {isa = PBXBuildFile; fileRef = 4BF592242CC0868200C555F6 /* RobotoSlabOptions.swift */; };
		4BF592292CC0874C00C555F6 /* SystemNames.swift in Sources */ = {isa = PBXBuildFile; fileRef = 4BF592282CC0873400C555F6 /* SystemNames.swift */; };
		4BF5924D2CC088D700C555F6 /* LICENSE.txt in Resources */ = {isa = PBXBuildFile; fileRef = 4BF592492CC088D700C555F6 /* LICENSE.txt */; };
		4BF5924E2CC088D700C555F6 /* RobotoSlab-Thin.ttf in Resources */ = {isa = PBXBuildFile; fileRef = 4BF592472CC088D700C555F6 /* RobotoSlab-Thin.ttf */; };
		4BF5924F2CC088D700C555F6 /* RobotoSlab-Bold.ttf in Resources */ = {isa = PBXBuildFile; fileRef = 4BF592402CC088D700C555F6 /* RobotoSlab-Bold.ttf */; };
		4BF592502CC088D700C555F6 /* RobotoSlab-VariableFont_wght.ttf in Resources */ = {isa = PBXBuildFile; fileRef = 4BF5924B2CC088D700C555F6 /* RobotoSlab-VariableFont_wght.ttf */; };
		4BF592512CC088D700C555F6 /* RobotoSlab-Medium.ttf in Resources */ = {isa = PBXBuildFile; fileRef = 4BF592442CC088D700C555F6 /* RobotoSlab-Medium.ttf */; };
		4BF592522CC088D700C555F6 /* README.txt in Resources */ = {isa = PBXBuildFile; fileRef = 4BF5924A2CC088D700C555F6 /* README.txt */; };
		4BF592532CC088D700C555F6 /* RobotoSlab-Black.ttf in Resources */ = {isa = PBXBuildFile; fileRef = 4BF5923F2CC088D700C555F6 /* RobotoSlab-Black.ttf */; };
		4BF592542CC088D700C555F6 /* RobotoSlab-ExtraBold.ttf in Resources */ = {isa = PBXBuildFile; fileRef = 4BF592412CC088D700C555F6 /* RobotoSlab-ExtraBold.ttf */; };
		4BF592552CC088D700C555F6 /* RobotoSlab-SemiBold.ttf in Resources */ = {isa = PBXBuildFile; fileRef = 4BF592462CC088D700C555F6 /* RobotoSlab-SemiBold.ttf */; };
		4BF592562CC088D700C555F6 /* RobotoSlab-ExtraLight.ttf in Resources */ = {isa = PBXBuildFile; fileRef = 4BF592422CC088D700C555F6 /* RobotoSlab-ExtraLight.ttf */; };
		4BF592572CC088D700C555F6 /* RobotoSlab-Light.ttf in Resources */ = {isa = PBXBuildFile; fileRef = 4BF592432CC088D700C555F6 /* RobotoSlab-Light.ttf */; };
		4BF592582CC088D700C555F6 /* RobotoSlab-Regular.ttf in Resources */ = {isa = PBXBuildFile; fileRef = 4BF592452CC088D700C555F6 /* RobotoSlab-Regular.ttf */; };
		4BF5925F2CC1E60E00C555F6 /* 3DButtonViewModel.swift in Sources */ = {isa = PBXBuildFile; fileRef = 4BF5925E2CC1E5F100C555F6 /* 3DButtonViewModel.swift */; };
		4BF592632CC1E72200C555F6 /* 3DButtonView.swift in Sources */ = {isa = PBXBuildFile; fileRef = 4BF592622CC1E71800C555F6 /* 3DButtonView.swift */; };
		4BF592652CC2EDA800C555F6 /* ClockView.swift in Sources */ = {isa = PBXBuildFile; fileRef = 4BF592642CC2EDA000C555F6 /* ClockView.swift */; };
		4BF592672CC2EDB100C555F6 /* ClockViewModel.swift in Sources */ = {isa = PBXBuildFile; fileRef = 4BF592662CC2EDAD00C555F6 /* ClockViewModel.swift */; };
		4BF592692CC30C1B00C555F6 /* GameModeSelectionView.swift in Sources */ = {isa = PBXBuildFile; fileRef = 4BF592682CC30BFE00C555F6 /* GameModeSelectionView.swift */; };
		4BF5926B2CC30C3300C555F6 /* GameModeSelectionViewModel.swift in Sources */ = {isa = PBXBuildFile; fileRef = 4BF5926A2CC30C2C00C555F6 /* GameModeSelectionViewModel.swift */; };
		4BF5926D2CC3311D00C555F6 /* GameModeButton.swift in Sources */ = {isa = PBXBuildFile; fileRef = 4BF5926C2CC3311200C555F6 /* GameModeButton.swift */; };
		4BF592732CC33AEB00C555F6 /* TransitionsUtility.swift in Sources */ = {isa = PBXBuildFile; fileRef = 4BF5926F2CC338E200C555F6 /* TransitionsUtility.swift */; };
		4BF592752CC33B4100C555F6 /* SystemViews.swift in Sources */ = {isa = PBXBuildFile; fileRef = 4BF592742CC33B3D00C555F6 /* SystemViews.swift */; };
		4BF592772CCC0DF100C555F6 /* GameModeOptionsModel.swift in Sources */ = {isa = PBXBuildFile; fileRef = 4BF592762CCC0DEB00C555F6 /* GameModeOptionsModel.swift */; };
		4BF592792CCC0EB200C555F6 /* GameModeOptionsViewModel.swift in Sources */ = {isa = PBXBuildFile; fileRef = 4BF592782CCC0EA800C555F6 /* GameModeOptionsViewModel.swift */; };
		4BF5927B2CCC1A8700C555F6 /* 3DRadioButtonView.swift in Sources */ = {isa = PBXBuildFile; fileRef = 4BF5927A2CCC1A7D00C555F6 /* 3DRadioButtonView.swift */; };
		4BF5927D2CCC1B1900C555F6 /* 3DRadioButtonViewModel.swift in Sources */ = {isa = PBXBuildFile; fileRef = 4BF5927C2CCC1B1100C555F6 /* 3DRadioButtonViewModel.swift */; };
		4BF5927F2CCD497F00C555F6 /* GameWordModel.swift in Sources */ = {isa = PBXBuildFile; fileRef = 4BF5927E2CCD496C00C555F6 /* GameWordModel.swift */; };
		4BF592812CCD4A2A00C555F6 /* 3DRadioButtonGroupViewModel.swift in Sources */ = {isa = PBXBuildFile; fileRef = 4BF592802CCD4A1F00C555F6 /* 3DRadioButtonGroupViewModel.swift */; };
		4BF592832CCD8DFC00C555F6 /* GameSelectionDifficultyButtonView.swift in Sources */ = {isa = PBXBuildFile; fileRef = 4BF592822CCD8DE200C555F6 /* GameSelectionDifficultyButtonView.swift */; };
		4BF592852CCD907800C555F6 /* GameSelectionTimeButtonView.swift in Sources */ = {isa = PBXBuildFile; fileRef = 4BF592842CCD906900C555F6 /* GameSelectionTimeButtonView.swift */; };
		4BF592872CCEAB7700C555F6 /* KeyboardView.swift in Sources */ = {isa = PBXBuildFile; fileRef = 4BF592862CCEAB6D00C555F6 /* KeyboardView.swift */; };
		4BF5928B2CCED44600C555F6 /* KeyboardLetterViewModel.swift in Sources */ = {isa = PBXBuildFile; fileRef = 4BF5928A2CCED43B00C555F6 /* KeyboardLetterViewModel.swift */; };
		4BF5928D2CCED9BA00C555F6 /* GameWordViewModel.swift in Sources */ = {isa = PBXBuildFile; fileRef = 4BF5928C2CCED9B400C555F6 /* GameWordViewModel.swift */; };
		4BF5928F2CCEDA3100C555F6 /* GameBoardLetterViewModel.swift in Sources */ = {isa = PBXBuildFile; fileRef = 4BF5928E2CCEDA2600C555F6 /* GameBoardLetterViewModel.swift */; };
		4BF592912CCEF83000C555F6 /* GameView.swift in Sources */ = {isa = PBXBuildFile; fileRef = 4BF592902CCEF82100C555F6 /* GameView.swift */; };
/* End PBXBuildFile section */

/* Begin PBXFileReference section */
		4B091B322CD3397D0092600B /* KeyboardFunctionViewModel.swift */ = {isa = PBXFileReference; lastKnownFileType = sourcecode.swift; path = KeyboardFunctionViewModel.swift; sourceTree = "<group>"; };
		4B091B352CD33DF20092600B /* KeyboardFunctionView.swift */ = {isa = PBXFileReference; lastKnownFileType = sourcecode.swift; path = KeyboardFunctionView.swift; sourceTree = "<group>"; };
		4B091B382CD3443B0092600B /* GameBoardView.swift */ = {isa = PBXFileReference; lastKnownFileType = sourcecode.swift; path = GameBoardView.swift; sourceTree = "<group>"; };
		4B091B3D2CD587850092600B /* five_letter_words.txt */ = {isa = PBXFileReference; lastKnownFileType = text; path = five_letter_words.txt; sourceTree = "<group>"; };
		4B091B3E2CD587850092600B /* five_letter_words_easy.txt */ = {isa = PBXFileReference; lastKnownFileType = text; path = five_letter_words_easy.txt; sourceTree = "<group>"; };
		4B091B3F2CD587850092600B /* five_letter_words_hard.txt */ = {isa = PBXFileReference; lastKnownFileType = text; path = five_letter_words_hard.txt; sourceTree = "<group>"; };
		4B091B402CD587850092600B /* five_letter_words_normal.txt */ = {isa = PBXFileReference; lastKnownFileType = text; path = five_letter_words_normal.txt; sourceTree = "<group>"; };
		4B091B452CD588990092600B /* WordListUtility.swift */ = {isa = PBXFileReference; lastKnownFileType = sourcecode.swift; path = WordListUtility.swift; sourceTree = "<group>"; };
		4B091B472CD597E40092600B /* five_letter_words.json */ = {isa = PBXFileReference; lastKnownFileType = text.json; path = five_letter_words.json; sourceTree = "<group>"; };
		4B091B492CD5EA170092600B /* WordIQDatabase.db */ = {isa = PBXFileReference; lastKnownFileType = file; path = WordIQDatabase.db; sourceTree = "<group>"; };
		4B091B4B2CD5EAA00092600B /* DatabaseHelper.swift */ = {isa = PBXFileReference; lastKnownFileType = sourcecode.swift; path = DatabaseHelper.swift; sourceTree = "<group>"; };
		4B091B4D2CD681130092600B /* ZenModeViewModel.swift */ = {isa = PBXFileReference; lastKnownFileType = sourcecode.swift; path = ZenModeViewModel.swift; sourceTree = "<group>"; };
		4B091B502CD684780092600B /* StandardModeViewModel.swift */ = {isa = PBXFileReference; lastKnownFileType = sourcecode.swift; path = StandardModeViewModel.swift; sourceTree = "<group>"; };
		4B091B522CD684830092600B /* RushModeViewModel.swift */ = {isa = PBXFileReference; lastKnownFileType = sourcecode.swift; path = RushModeViewModel.swift; sourceTree = "<group>"; };
		4B091B542CD6848B0092600B /* FrenzyModeViewModel.swift */ = {isa = PBXFileReference; lastKnownFileType = sourcecode.swift; path = FrenzyModeViewModel.swift; sourceTree = "<group>"; };
		4B091B562CD68FE90092600B /* LetterComparison.swift */ = {isa = PBXFileReference; lastKnownFileType = sourcecode.swift; path = LetterComparison.swift; sourceTree = "<group>"; };
		4B091B592CD830630092600B /* GameOverModel.swift */ = {isa = PBXFileReference; lastKnownFileType = sourcecode.swift; path = GameOverModel.swift; sourceTree = "<group>"; };
		4B091B5B2CD85BF40092600B /* GameOverView.swift */ = {isa = PBXFileReference; lastKnownFileType = sourcecode.swift; path = GameOverView.swift; sourceTree = "<group>"; };
		4B091B5D2CD85CC40092600B /* GameOverViewModel.swift */ = {isa = PBXFileReference; lastKnownFileType = sourcecode.swift; path = GameOverViewModel.swift; sourceTree = "<group>"; };
		4B1852822CCEFC520054E5F4 /* GameLetterView.swift */ = {isa = PBXFileReference; lastKnownFileType = sourcecode.swift; path = GameLetterView.swift; sourceTree = "<group>"; };
		4B1852842CCF01A80054E5F4 /* GameWordView.swift */ = {isa = PBXFileReference; lastKnownFileType = sourcecode.swift; path = GameWordView.swift; sourceTree = "<group>"; };
		4B1852862CCF05550054E5F4 /* KeyboardLetterView.swift */ = {isa = PBXFileReference; lastKnownFileType = sourcecode.swift; path = KeyboardLetterView.swift; sourceTree = "<group>"; };
		4B82B9D32CC072E2009A1502 /* WordIQ.app */ = {isa = PBXFileReference; explicitFileType = wrapper.application; includeInIndex = 0; path = WordIQ.app; sourceTree = BUILT_PRODUCTS_DIR; };
		4B82B9D62CC072E2009A1502 /* WordIQApp.swift */ = {isa = PBXFileReference; lastKnownFileType = sourcecode.swift; path = WordIQApp.swift; sourceTree = "<group>"; };
		4B82B9D82CC072E2009A1502 /* ContentView.swift */ = {isa = PBXFileReference; lastKnownFileType = sourcecode.swift; path = ContentView.swift; sourceTree = "<group>"; };
		4B82B9DA2CC072E2009A1502 /* Item.swift */ = {isa = PBXFileReference; lastKnownFileType = sourcecode.swift; path = Item.swift; sourceTree = "<group>"; };
		4B82B9DC2CC072E4009A1502 /* Assets.xcassets */ = {isa = PBXFileReference; lastKnownFileType = folder.assetcatalog; path = Assets.xcassets; sourceTree = "<group>"; };
		4B82B9DF2CC072E4009A1502 /* Preview Assets.xcassets */ = {isa = PBXFileReference; lastKnownFileType = folder.assetcatalog; path = "Preview Assets.xcassets"; sourceTree = "<group>"; };
		4BF5920C2CC07B9200C555F6 /* GameDataModel.swift */ = {isa = PBXFileReference; lastKnownFileType = sourcecode.swift; path = GameDataModel.swift; sourceTree = "<group>"; };
		4BF5920F2CC07C1500C555F6 /* GameMode.swift */ = {isa = PBXFileReference; lastKnownFileType = sourcecode.swift; path = GameMode.swift; sourceTree = "<group>"; };
		4BF592112CC07C2200C555F6 /* GameResult.swift */ = {isa = PBXFileReference; lastKnownFileType = sourcecode.swift; path = GameResult.swift; sourceTree = "<group>"; };
		4BF592132CC07D1300C555F6 /* GameDifficulty.swift */ = {isa = PBXFileReference; lastKnownFileType = sourcecode.swift; path = GameDifficulty.swift; sourceTree = "<group>"; };
		4BF592172CC07F0C00C555F6 /* GameViewModel.swift */ = {isa = PBXFileReference; lastKnownFileType = sourcecode.swift; path = GameViewModel.swift; sourceTree = "<group>"; };
		4BF5921B2CC07FD600C555F6 /* ValidCharacters.swift */ = {isa = PBXFileReference; lastKnownFileType = sourcecode.swift; path = ValidCharacters.swift; sourceTree = "<group>"; };
		4BF5921D2CC0813C00C555F6 /* KeyboardFunctions.swift */ = {isa = PBXFileReference; lastKnownFileType = sourcecode.swift; path = KeyboardFunctions.swift; sourceTree = "<group>"; };
		4BF5921F2CC0816E00C555F6 /* SFAssets.swift */ = {isa = PBXFileReference; lastKnownFileType = sourcecode.swift; path = SFAssets.swift; sourceTree = "<group>"; };
		4BF592222CC0848000C555F6 /* SplashScreenView.swift */ = {isa = PBXFileReference; lastKnownFileType = sourcecode.swift; path = SplashScreenView.swift; sourceTree = "<group>"; };
		4BF592242CC0868200C555F6 /* RobotoSlabOptions.swift */ = {isa = PBXFileReference; lastKnownFileType = sourcecode.swift; path = RobotoSlabOptions.swift; sourceTree = "<group>"; };
		4BF592282CC0873400C555F6 /* SystemNames.swift */ = {isa = PBXFileReference; lastKnownFileType = sourcecode.swift; path = SystemNames.swift; sourceTree = "<group>"; };
		4BF5923F2CC088D700C555F6 /* RobotoSlab-Black.ttf */ = {isa = PBXFileReference; lastKnownFileType = file; path = "RobotoSlab-Black.ttf"; sourceTree = "<group>"; };
		4BF592402CC088D700C555F6 /* RobotoSlab-Bold.ttf */ = {isa = PBXFileReference; lastKnownFileType = file; path = "RobotoSlab-Bold.ttf"; sourceTree = "<group>"; };
		4BF592412CC088D700C555F6 /* RobotoSlab-ExtraBold.ttf */ = {isa = PBXFileReference; lastKnownFileType = file; path = "RobotoSlab-ExtraBold.ttf"; sourceTree = "<group>"; };
		4BF592422CC088D700C555F6 /* RobotoSlab-ExtraLight.ttf */ = {isa = PBXFileReference; lastKnownFileType = file; path = "RobotoSlab-ExtraLight.ttf"; sourceTree = "<group>"; };
		4BF592432CC088D700C555F6 /* RobotoSlab-Light.ttf */ = {isa = PBXFileReference; lastKnownFileType = file; path = "RobotoSlab-Light.ttf"; sourceTree = "<group>"; };
		4BF592442CC088D700C555F6 /* RobotoSlab-Medium.ttf */ = {isa = PBXFileReference; lastKnownFileType = file; path = "RobotoSlab-Medium.ttf"; sourceTree = "<group>"; };
		4BF592452CC088D700C555F6 /* RobotoSlab-Regular.ttf */ = {isa = PBXFileReference; lastKnownFileType = file; path = "RobotoSlab-Regular.ttf"; sourceTree = "<group>"; };
		4BF592462CC088D700C555F6 /* RobotoSlab-SemiBold.ttf */ = {isa = PBXFileReference; lastKnownFileType = file; path = "RobotoSlab-SemiBold.ttf"; sourceTree = "<group>"; };
		4BF592472CC088D700C555F6 /* RobotoSlab-Thin.ttf */ = {isa = PBXFileReference; lastKnownFileType = file; path = "RobotoSlab-Thin.ttf"; sourceTree = "<group>"; };
		4BF592492CC088D700C555F6 /* LICENSE.txt */ = {isa = PBXFileReference; lastKnownFileType = text; path = LICENSE.txt; sourceTree = "<group>"; };
		4BF5924A2CC088D700C555F6 /* README.txt */ = {isa = PBXFileReference; lastKnownFileType = text; path = README.txt; sourceTree = "<group>"; };
		4BF5924B2CC088D700C555F6 /* RobotoSlab-VariableFont_wght.ttf */ = {isa = PBXFileReference; lastKnownFileType = file; path = "RobotoSlab-VariableFont_wght.ttf"; sourceTree = "<group>"; };
		4BF5925D2CC08C8200C555F6 /* Info.plist */ = {isa = PBXFileReference; lastKnownFileType = text.plist; path = Info.plist; sourceTree = "<group>"; };
		4BF5925E2CC1E5F100C555F6 /* 3DButtonViewModel.swift */ = {isa = PBXFileReference; lastKnownFileType = sourcecode.swift; path = 3DButtonViewModel.swift; sourceTree = "<group>"; };
		4BF592622CC1E71800C555F6 /* 3DButtonView.swift */ = {isa = PBXFileReference; lastKnownFileType = sourcecode.swift; path = 3DButtonView.swift; sourceTree = "<group>"; };
		4BF592642CC2EDA000C555F6 /* ClockView.swift */ = {isa = PBXFileReference; lastKnownFileType = sourcecode.swift; path = ClockView.swift; sourceTree = "<group>"; };
		4BF592662CC2EDAD00C555F6 /* ClockViewModel.swift */ = {isa = PBXFileReference; lastKnownFileType = sourcecode.swift; path = ClockViewModel.swift; sourceTree = "<group>"; };
		4BF592682CC30BFE00C555F6 /* GameModeSelectionView.swift */ = {isa = PBXFileReference; lastKnownFileType = sourcecode.swift; path = GameModeSelectionView.swift; sourceTree = "<group>"; };
		4BF5926A2CC30C2C00C555F6 /* GameModeSelectionViewModel.swift */ = {isa = PBXFileReference; lastKnownFileType = sourcecode.swift; path = GameModeSelectionViewModel.swift; sourceTree = "<group>"; };
		4BF5926C2CC3311200C555F6 /* GameModeButton.swift */ = {isa = PBXFileReference; lastKnownFileType = sourcecode.swift; path = GameModeButton.swift; sourceTree = "<group>"; };
		4BF5926F2CC338E200C555F6 /* TransitionsUtility.swift */ = {isa = PBXFileReference; lastKnownFileType = sourcecode.swift; path = TransitionsUtility.swift; sourceTree = "<group>"; };
		4BF592702CC338E200C555F6 /* ScreenSizeUtility.swift */ = {isa = PBXFileReference; lastKnownFileType = sourcecode.swift; path = ScreenSizeUtility.swift; sourceTree = "<group>"; };
		4BF592712CC338E200C555F6 /* ShakeEffect.swift */ = {isa = PBXFileReference; lastKnownFileType = sourcecode.swift; path = ShakeEffect.swift; sourceTree = "<group>"; };
		4BF592722CC338E200C555F6 /* UIColorExtension.swift */ = {isa = PBXFileReference; lastKnownFileType = sourcecode.swift; path = UIColorExtension.swift; sourceTree = "<group>"; };
		4BF592742CC33B3D00C555F6 /* SystemViews.swift */ = {isa = PBXFileReference; lastKnownFileType = sourcecode.swift; path = SystemViews.swift; sourceTree = "<group>"; };
		4BF592762CCC0DEB00C555F6 /* GameModeOptionsModel.swift */ = {isa = PBXFileReference; lastKnownFileType = sourcecode.swift; path = GameModeOptionsModel.swift; sourceTree = "<group>"; };
		4BF592782CCC0EA800C555F6 /* GameModeOptionsViewModel.swift */ = {isa = PBXFileReference; lastKnownFileType = sourcecode.swift; path = GameModeOptionsViewModel.swift; sourceTree = "<group>"; };
		4BF5927A2CCC1A7D00C555F6 /* 3DRadioButtonView.swift */ = {isa = PBXFileReference; lastKnownFileType = sourcecode.swift; path = 3DRadioButtonView.swift; sourceTree = "<group>"; };
		4BF5927C2CCC1B1100C555F6 /* 3DRadioButtonViewModel.swift */ = {isa = PBXFileReference; lastKnownFileType = sourcecode.swift; path = 3DRadioButtonViewModel.swift; sourceTree = "<group>"; };
		4BF5927E2CCD496C00C555F6 /* GameWordModel.swift */ = {isa = PBXFileReference; lastKnownFileType = sourcecode.swift; path = GameWordModel.swift; sourceTree = "<group>"; };
		4BF592802CCD4A1F00C555F6 /* 3DRadioButtonGroupViewModel.swift */ = {isa = PBXFileReference; lastKnownFileType = sourcecode.swift; path = 3DRadioButtonGroupViewModel.swift; sourceTree = "<group>"; };
		4BF592822CCD8DE200C555F6 /* GameSelectionDifficultyButtonView.swift */ = {isa = PBXFileReference; lastKnownFileType = sourcecode.swift; path = GameSelectionDifficultyButtonView.swift; sourceTree = "<group>"; };
		4BF592842CCD906900C555F6 /* GameSelectionTimeButtonView.swift */ = {isa = PBXFileReference; lastKnownFileType = sourcecode.swift; path = GameSelectionTimeButtonView.swift; sourceTree = "<group>"; };
		4BF592862CCEAB6D00C555F6 /* KeyboardView.swift */ = {isa = PBXFileReference; lastKnownFileType = sourcecode.swift; path = KeyboardView.swift; sourceTree = "<group>"; };
		4BF5928A2CCED43B00C555F6 /* KeyboardLetterViewModel.swift */ = {isa = PBXFileReference; lastKnownFileType = sourcecode.swift; path = KeyboardLetterViewModel.swift; sourceTree = "<group>"; };
		4BF5928C2CCED9B400C555F6 /* GameWordViewModel.swift */ = {isa = PBXFileReference; lastKnownFileType = sourcecode.swift; path = GameWordViewModel.swift; sourceTree = "<group>"; };
		4BF5928E2CCEDA2600C555F6 /* GameBoardLetterViewModel.swift */ = {isa = PBXFileReference; lastKnownFileType = sourcecode.swift; path = GameBoardLetterViewModel.swift; sourceTree = "<group>"; };
		4BF592902CCEF82100C555F6 /* GameView.swift */ = {isa = PBXFileReference; lastKnownFileType = sourcecode.swift; path = GameView.swift; sourceTree = "<group>"; };
/* End PBXFileReference section */

/* Begin PBXFrameworksBuildPhase section */
		4B82B9D02CC072E2009A1502 /* Frameworks */ = {
			isa = PBXFrameworksBuildPhase;
			buildActionMask = 2147483647;
			files = (
			);
			runOnlyForDeploymentPostprocessing = 0;
		};
/* End PBXFrameworksBuildPhase section */

/* Begin PBXGroup section */
		4B091B342CD33DD20092600B /* Keyboard */ = {
			isa = PBXGroup;
			children = (
				4B091B352CD33DF20092600B /* KeyboardFunctionView.swift */,
				4BF592862CCEAB6D00C555F6 /* KeyboardView.swift */,
				4B1852862CCF05550054E5F4 /* KeyboardLetterView.swift */,
			);
			path = Keyboard;
			sourceTree = "<group>";
		};
		4B091B372CD344220092600B /* Gameboard */ = {
			isa = PBXGroup;
			children = (
				4B091B382CD3443B0092600B /* GameBoardView.swift */,
				4B1852822CCEFC520054E5F4 /* GameLetterView.swift */,
				4B1852842CCF01A80054E5F4 /* GameWordView.swift */,
			);
			path = Gameboard;
			sourceTree = "<group>";
		};
		4B091B3C2CD587530092600B /* Word Lists */ = {
			isa = PBXGroup;
			children = (
				4B091B4B2CD5EAA00092600B /* DatabaseHelper.swift */,
				4B091B492CD5EA170092600B /* WordIQDatabase.db */,
				4B091B472CD597E40092600B /* five_letter_words.json */,
				4B091B452CD588990092600B /* WordListUtility.swift */,
				4B091B3D2CD587850092600B /* five_letter_words.txt */,
				4B091B3E2CD587850092600B /* five_letter_words_easy.txt */,
				4B091B3F2CD587850092600B /* five_letter_words_hard.txt */,
				4B091B402CD587850092600B /* five_letter_words_normal.txt */,
			);
			path = "Word Lists";
			sourceTree = "<group>";
		};
		4B091B4F2CD6846C0092600B /* Game Modes */ = {
			isa = PBXGroup;
			children = (
				4B091B542CD6848B0092600B /* FrenzyModeViewModel.swift */,
				4B091B522CD684830092600B /* RushModeViewModel.swift */,
				4B091B502CD684780092600B /* StandardModeViewModel.swift */,
				4B091B4D2CD681130092600B /* ZenModeViewModel.swift */,
			);
			path = "Game Modes";
			sourceTree = "<group>";
		};
		4B82B9CA2CC072E2009A1502 = {
			isa = PBXGroup;
			children = (
				4B091B3C2CD587530092600B /* Word Lists */,
				4BF5924C2CC088D700C555F6 /* Roboto_Slab */,
				4B82B9D52CC072E2009A1502 /* WordIQ */,
				4B82B9D42CC072E2009A1502 /* Products */,
			);
			sourceTree = "<group>";
		};
		4B82B9D42CC072E2009A1502 /* Products */ = {
			isa = PBXGroup;
			children = (
				4B82B9D32CC072E2009A1502 /* WordIQ.app */,
			);
			name = Products;
			sourceTree = "<group>";
		};
		4B82B9D52CC072E2009A1502 /* WordIQ */ = {
			isa = PBXGroup;
			children = (
				4BF5925D2CC08C8200C555F6 /* Info.plist */,
				4BF592212CC0832400C555F6 /* Views */,
				4BF592152CC07ED700C555F6 /* ViewModels */,
				4BF5920E2CC07C0500C555F6 /* Enums */,
				4BF5920B2CC07B8A00C555F6 /* Models */,
				4B82B9D62CC072E2009A1502 /* WordIQApp.swift */,
				4B82B9D82CC072E2009A1502 /* ContentView.swift */,
				4B82B9DA2CC072E2009A1502 /* Item.swift */,
				4B82B9DC2CC072E4009A1502 /* Assets.xcassets */,
				4B82B9DE2CC072E4009A1502 /* Preview Content */,
				4BF5926E2CC338B500C555F6 /* Ultilities */,
			);
			path = WordIQ;
			sourceTree = "<group>";
		};
		4B82B9DE2CC072E4009A1502 /* Preview Content */ = {
			isa = PBXGroup;
			children = (
				4B82B9DF2CC072E4009A1502 /* Preview Assets.xcassets */,
			);
			path = "Preview Content";
			sourceTree = "<group>";
		};
		4BF5920B2CC07B8A00C555F6 /* Models */ = {
			isa = PBXGroup;
			children = (
				4B091B592CD830630092600B /* GameOverModel.swift */,
				4BF5927E2CCD496C00C555F6 /* GameWordModel.swift */,
				4BF592762CCC0DEB00C555F6 /* GameModeOptionsModel.swift */,
				4BF5920C2CC07B9200C555F6 /* GameDataModel.swift */,
			);
			path = Models;
			sourceTree = "<group>";
		};
		4BF5920E2CC07C0500C555F6 /* Enums */ = {
			isa = PBXGroup;
			children = (
				4B091B562CD68FE90092600B /* LetterComparison.swift */,
				4BF592272CC0872500C555F6 /* App Assets */,
				4BF592262CC0871200C555F6 /* Keyboard */,
				4BF592192CC07FAD00C555F6 /* Game Settings */,
			);
			path = Enums;
			sourceTree = "<group>";
		};
		4BF592152CC07ED700C555F6 /* ViewModels */ = {
			isa = PBXGroup;
			children = (
				4B091B5D2CD85CC40092600B /* GameOverViewModel.swift */,
				4B091B4F2CD6846C0092600B /* Game Modes */,
				4BF5928E2CCEDA2600C555F6 /* GameBoardLetterViewModel.swift */,
				4BF5928C2CCED9B400C555F6 /* GameWordViewModel.swift */,
				4BF592782CCC0EA800C555F6 /* GameModeOptionsViewModel.swift */,
				4BF5926A2CC30C2C00C555F6 /* GameModeSelectionViewModel.swift */,
				4BF592172CC07F0C00C555F6 /* GameViewModel.swift */,
				4BF592162CC07EE300C555F6 /* Buttons */,
				4BF592662CC2EDAD00C555F6 /* ClockViewModel.swift */,
			);
			path = ViewModels;
			sourceTree = "<group>";
		};
		4BF592162CC07EE300C555F6 /* Buttons */ = {
			isa = PBXGroup;
			children = (
				4BF592802CCD4A1F00C555F6 /* 3DRadioButtonGroupViewModel.swift */,
				4BF5927C2CCC1B1100C555F6 /* 3DRadioButtonViewModel.swift */,
				4BF5925E2CC1E5F100C555F6 /* 3DButtonViewModel.swift */,
				4B091B322CD3397D0092600B /* KeyboardFunctionViewModel.swift */,
				4BF5928A2CCED43B00C555F6 /* KeyboardLetterViewModel.swift */,
			);
			path = Buttons;
			sourceTree = "<group>";
		};
		4BF592192CC07FAD00C555F6 /* Game Settings */ = {
			isa = PBXGroup;
			children = (
				4BF592132CC07D1300C555F6 /* GameDifficulty.swift */,
				4BF592112CC07C2200C555F6 /* GameResult.swift */,
				4BF5920F2CC07C1500C555F6 /* GameMode.swift */,
			);
			path = "Game Settings";
			sourceTree = "<group>";
		};
		4BF592212CC0832400C555F6 /* Views */ = {
			isa = PBXGroup;
			children = (
				4B091B5B2CD85BF40092600B /* GameOverView.swift */,
				4B091B372CD344220092600B /* Gameboard */,
				4B091B342CD33DD20092600B /* Keyboard */,
				4BF592902CCEF82100C555F6 /* GameView.swift */,
				4BF592682CC30BFE00C555F6 /* GameModeSelectionView.swift */,
				4BF592602CC1E70700C555F6 /* Buttons */,
				4BF592222CC0848000C555F6 /* SplashScreenView.swift */,
				4BF592642CC2EDA000C555F6 /* ClockView.swift */,
			);
			path = Views;
			sourceTree = "<group>";
		};
		4BF592262CC0871200C555F6 /* Keyboard */ = {
			isa = PBXGroup;
			children = (
				4BF5921D2CC0813C00C555F6 /* KeyboardFunctions.swift */,
				4BF5921B2CC07FD600C555F6 /* ValidCharacters.swift */,
			);
			path = Keyboard;
			sourceTree = "<group>";
		};
		4BF592272CC0872500C555F6 /* App Assets */ = {
			isa = PBXGroup;
			children = (
				4BF592742CC33B3D00C555F6 /* SystemViews.swift */,
				4BF592282CC0873400C555F6 /* SystemNames.swift */,
				4BF592242CC0868200C555F6 /* RobotoSlabOptions.swift */,
				4BF5921F2CC0816E00C555F6 /* SFAssets.swift */,
			);
			path = "App Assets";
			sourceTree = "<group>";
		};
		4BF592482CC088D700C555F6 /* static */ = {
			isa = PBXGroup;
			children = (
				4BF5923F2CC088D700C555F6 /* RobotoSlab-Black.ttf */,
				4BF592402CC088D700C555F6 /* RobotoSlab-Bold.ttf */,
				4BF592412CC088D700C555F6 /* RobotoSlab-ExtraBold.ttf */,
				4BF592422CC088D700C555F6 /* RobotoSlab-ExtraLight.ttf */,
				4BF592432CC088D700C555F6 /* RobotoSlab-Light.ttf */,
				4BF592442CC088D700C555F6 /* RobotoSlab-Medium.ttf */,
				4BF592452CC088D700C555F6 /* RobotoSlab-Regular.ttf */,
				4BF592462CC088D700C555F6 /* RobotoSlab-SemiBold.ttf */,
				4BF592472CC088D700C555F6 /* RobotoSlab-Thin.ttf */,
			);
			path = static;
			sourceTree = "<group>";
		};
		4BF5924C2CC088D700C555F6 /* Roboto_Slab */ = {
			isa = PBXGroup;
			children = (
				4BF592482CC088D700C555F6 /* static */,
				4BF592492CC088D700C555F6 /* LICENSE.txt */,
				4BF5924A2CC088D700C555F6 /* README.txt */,
				4BF5924B2CC088D700C555F6 /* RobotoSlab-VariableFont_wght.ttf */,
			);
			path = Roboto_Slab;
			sourceTree = "<group>";
		};
		4BF592602CC1E70700C555F6 /* Buttons */ = {
			isa = PBXGroup;
			children = (
				4BF592842CCD906900C555F6 /* GameSelectionTimeButtonView.swift */,
				4BF592822CCD8DE200C555F6 /* GameSelectionDifficultyButtonView.swift */,
				4BF5927A2CCC1A7D00C555F6 /* 3DRadioButtonView.swift */,
				4BF5926C2CC3311200C555F6 /* GameModeButton.swift */,
				4BF592622CC1E71800C555F6 /* 3DButtonView.swift */,
			);
			path = Buttons;
			sourceTree = "<group>";
		};
		4BF5926E2CC338B500C555F6 /* Ultilities */ = {
			isa = PBXGroup;
			children = (
				4BF5926F2CC338E200C555F6 /* TransitionsUtility.swift */,
				4BF592702CC338E200C555F6 /* ScreenSizeUtility.swift */,
				4BF592712CC338E200C555F6 /* ShakeEffect.swift */,
				4BF592722CC338E200C555F6 /* UIColorExtension.swift */,
			);
			path = Ultilities;
			sourceTree = "<group>";
		};
/* End PBXGroup section */

/* Begin PBXNativeTarget section */
		4B82B9D22CC072E2009A1502 /* WordIQ */ = {
			isa = PBXNativeTarget;
			buildConfigurationList = 4B82B9E32CC072E4009A1502 /* Build configuration list for PBXNativeTarget "WordIQ" */;
			buildPhases = (
				4B82B9CF2CC072E2009A1502 /* Sources */,
				4B82B9D02CC072E2009A1502 /* Frameworks */,
				4B82B9D12CC072E2009A1502 /* Resources */,
			);
			buildRules = (
			);
			dependencies = (
			);
			name = WordIQ;
			productName = WordIQ;
			productReference = 4B82B9D32CC072E2009A1502 /* WordIQ.app */;
			productType = "com.apple.product-type.application";
		};
/* End PBXNativeTarget section */

/* Begin PBXProject section */
		4B82B9CB2CC072E2009A1502 /* Project object */ = {
			isa = PBXProject;
			attributes = {
				BuildIndependentTargetsInParallel = 1;
				LastSwiftUpdateCheck = 1540;
				LastUpgradeCheck = 1540;
				TargetAttributes = {
					4B82B9D22CC072E2009A1502 = {
						CreatedOnToolsVersion = 15.4;
					};
				};
			};
			buildConfigurationList = 4B82B9CE2CC072E2009A1502 /* Build configuration list for PBXProject "WordIQ" */;
			compatibilityVersion = "Xcode 14.0";
			developmentRegion = en;
			hasScannedForEncodings = 0;
			knownRegions = (
				en,
				Base,
			);
			mainGroup = 4B82B9CA2CC072E2009A1502;
			productRefGroup = 4B82B9D42CC072E2009A1502 /* Products */;
			projectDirPath = "";
			projectRoot = "";
			targets = (
				4B82B9D22CC072E2009A1502 /* WordIQ */,
			);
		};
/* End PBXProject section */

/* Begin PBXResourcesBuildPhase section */
		4B82B9D12CC072E2009A1502 /* Resources */ = {
			isa = PBXResourcesBuildPhase;
			buildActionMask = 2147483647;
			files = (
				4BF5924D2CC088D700C555F6 /* LICENSE.txt in Resources */,
				4B091B482CD597E40092600B /* five_letter_words.json in Resources */,
				4B091B412CD587850092600B /* five_letter_words_easy.txt in Resources */,
				4B091B422CD587850092600B /* five_letter_words_normal.txt in Resources */,
				4B091B4A2CD5EA170092600B /* WordIQDatabase.db in Resources */,
				4B091B432CD587850092600B /* five_letter_words.txt in Resources */,
				4B091B442CD587850092600B /* five_letter_words_hard.txt in Resources */,
				4BF5924E2CC088D700C555F6 /* RobotoSlab-Thin.ttf in Resources */,
				4BF5924F2CC088D700C555F6 /* RobotoSlab-Bold.ttf in Resources */,
				4BF592502CC088D700C555F6 /* RobotoSlab-VariableFont_wght.ttf in Resources */,
				4BF592512CC088D700C555F6 /* RobotoSlab-Medium.ttf in Resources */,
				4BF592522CC088D700C555F6 /* README.txt in Resources */,
				4BF592532CC088D700C555F6 /* RobotoSlab-Black.ttf in Resources */,
				4BF592542CC088D700C555F6 /* RobotoSlab-ExtraBold.ttf in Resources */,
				4BF592552CC088D700C555F6 /* RobotoSlab-SemiBold.ttf in Resources */,
				4BF592562CC088D700C555F6 /* RobotoSlab-ExtraLight.ttf in Resources */,
				4BF592572CC088D700C555F6 /* RobotoSlab-Light.ttf in Resources */,
				4BF592582CC088D700C555F6 /* RobotoSlab-Regular.ttf in Resources */,
				4B82B9E02CC072E4009A1502 /* Preview Assets.xcassets in Resources */,
				4B82B9DD2CC072E4009A1502 /* Assets.xcassets in Resources */,
			);
			runOnlyForDeploymentPostprocessing = 0;
		};
/* End PBXResourcesBuildPhase section */

/* Begin PBXSourcesBuildPhase section */
		4B82B9CF2CC072E2009A1502 /* Sources */ = {
			isa = PBXSourcesBuildPhase;
			buildActionMask = 2147483647;
			files = (
				4BF592142CC07D1900C555F6 /* GameDifficulty.swift in Sources */,
				4BF592102CC07C1D00C555F6 /* GameMode.swift in Sources */,
				4BF592202CC0817400C555F6 /* SFAssets.swift in Sources */,
				4B091B5E2CD85CC80092600B /* GameOverViewModel.swift in Sources */,
				4B091B582CD6F77A0092600B /* ShakeEffect.swift in Sources */,
				4BF592852CCD907800C555F6 /* GameSelectionTimeButtonView.swift in Sources */,
				4BF5921E2CC0814900C555F6 /* KeyboardFunctions.swift in Sources */,
				4B091B392CD344430092600B /* GameBoardView.swift in Sources */,
				4B091B362CD33DFA0092600B /* KeyboardFunctionView.swift in Sources */,
				4BF592292CC0874C00C555F6 /* SystemNames.swift in Sources */,
				4B1852832CCEFC580054E5F4 /* GameLetterView.swift in Sources */,
				4BF592182CC07F2400C555F6 /* GameViewModel.swift in Sources */,
				4BF592252CC086C200C555F6 /* RobotoSlabOptions.swift in Sources */,
				4BF592752CC33B4100C555F6 /* SystemViews.swift in Sources */,
				4B091B5A2CD830690092600B /* GameOverModel.swift in Sources */,
				4B091B462CD588A00092600B /* WordListUtility.swift in Sources */,
				4BF5926D2CC3311D00C555F6 /* GameModeButton.swift in Sources */,
				4BF5927F2CCD497F00C555F6 /* GameWordModel.swift in Sources */,
				4BF592772CCC0DF100C555F6 /* GameModeOptionsModel.swift in Sources */,
				4B1852852CCF01AE0054E5F4 /* GameWordView.swift in Sources */,
				4B091B4E2CD6812D0092600B /* ZenModeViewModel.swift in Sources */,
				4BF5921C2CC07FF100C555F6 /* ValidCharacters.swift in Sources */,
				4B091B552CD684900092600B /* FrenzyModeViewModel.swift in Sources */,
				4BF592732CC33AEB00C555F6 /* TransitionsUtility.swift in Sources */,
				4BF5928B2CCED44600C555F6 /* KeyboardLetterViewModel.swift in Sources */,
				4BF5926B2CC30C3300C555F6 /* GameModeSelectionViewModel.swift in Sources */,
				4B82B9D92CC072E2009A1502 /* ContentView.swift in Sources */,
				4BF592692CC30C1B00C555F6 /* GameModeSelectionView.swift in Sources */,
				4BF592122CC07C2A00C555F6 /* GameResult.swift in Sources */,
				4B82B9DB2CC072E2009A1502 /* Item.swift in Sources */,
				4BF592652CC2EDA800C555F6 /* ClockView.swift in Sources */,
				4BF592632CC1E72200C555F6 /* 3DButtonView.swift in Sources */,
				4BF5928F2CCEDA3100C555F6 /* GameBoardLetterViewModel.swift in Sources */,
				4B091B532CD684880092600B /* RushModeViewModel.swift in Sources */,
				4BF592812CCD4A2A00C555F6 /* 3DRadioButtonGroupViewModel.swift in Sources */,
				4B82B9D72CC072E2009A1502 /* WordIQApp.swift in Sources */,
				4BF5927B2CCC1A8700C555F6 /* 3DRadioButtonView.swift in Sources */,
				4BF5928D2CCED9BA00C555F6 /* GameWordViewModel.swift in Sources */,
				4B091B332CD339840092600B /* KeyboardFunctionViewModel.swift in Sources */,
				4B091B512CD684800092600B /* StandardModeViewModel.swift in Sources */,
				4BF5920D2CC07BBE00C555F6 /* GameDataModel.swift in Sources */,
				4BF592872CCEAB7700C555F6 /* KeyboardView.swift in Sources */,
				4BF592232CC0848A00C555F6 /* SplashScreenView.swift in Sources */,
				4B091B4C2CD5EAAA0092600B /* DatabaseHelper.swift in Sources */,
				4BF5925F2CC1E60E00C555F6 /* 3DButtonViewModel.swift in Sources */,
				4B091B572CD68FF00092600B /* LetterComparison.swift in Sources */,
				4BF592672CC2EDB100C555F6 /* ClockViewModel.swift in Sources */,
				4BF5927D2CCC1B1900C555F6 /* 3DRadioButtonViewModel.swift in Sources */,
				4BF592912CCEF83000C555F6 /* GameView.swift in Sources */,
				4B1852872CCF05610054E5F4 /* KeyboardLetterView.swift in Sources */,
				4BF592832CCD8DFC00C555F6 /* GameSelectionDifficultyButtonView.swift in Sources */,
				4B091B5C2CD85C080092600B /* GameOverView.swift in Sources */,
				4BF592792CCC0EB200C555F6 /* GameModeOptionsViewModel.swift in Sources */,
			);
			runOnlyForDeploymentPostprocessing = 0;
		};
/* End PBXSourcesBuildPhase section */

/* Begin XCBuildConfiguration section */
		4B82B9E12CC072E4009A1502 /* Debug */ = {
			isa = XCBuildConfiguration;
			buildSettings = {
				ALWAYS_SEARCH_USER_PATHS = NO;
				ASSETCATALOG_COMPILER_GENERATE_SWIFT_ASSET_SYMBOL_EXTENSIONS = YES;
				CLANG_ANALYZER_NONNULL = YES;
				CLANG_ANALYZER_NUMBER_OBJECT_CONVERSION = YES_AGGRESSIVE;
				CLANG_CXX_LANGUAGE_STANDARD = "gnu++20";
				CLANG_ENABLE_MODULES = YES;
				CLANG_ENABLE_OBJC_ARC = YES;
				CLANG_ENABLE_OBJC_WEAK = YES;
				CLANG_WARN_BLOCK_CAPTURE_AUTORELEASING = YES;
				CLANG_WARN_BOOL_CONVERSION = YES;
				CLANG_WARN_COMMA = YES;
				CLANG_WARN_CONSTANT_CONVERSION = YES;
				CLANG_WARN_DEPRECATED_OBJC_IMPLEMENTATIONS = YES;
				CLANG_WARN_DIRECT_OBJC_ISA_USAGE = YES_ERROR;
				CLANG_WARN_DOCUMENTATION_COMMENTS = YES;
				CLANG_WARN_EMPTY_BODY = YES;
				CLANG_WARN_ENUM_CONVERSION = YES;
				CLANG_WARN_INFINITE_RECURSION = YES;
				CLANG_WARN_INT_CONVERSION = YES;
				CLANG_WARN_NON_LITERAL_NULL_CONVERSION = YES;
				CLANG_WARN_OBJC_IMPLICIT_RETAIN_SELF = YES;
				CLANG_WARN_OBJC_LITERAL_CONVERSION = YES;
				CLANG_WARN_OBJC_ROOT_CLASS = YES_ERROR;
				CLANG_WARN_QUOTED_INCLUDE_IN_FRAMEWORK_HEADER = YES;
				CLANG_WARN_RANGE_LOOP_ANALYSIS = YES;
				CLANG_WARN_STRICT_PROTOTYPES = YES;
				CLANG_WARN_SUSPICIOUS_MOVE = YES;
				CLANG_WARN_UNGUARDED_AVAILABILITY = YES_AGGRESSIVE;
				CLANG_WARN_UNREACHABLE_CODE = YES;
				CLANG_WARN__DUPLICATE_METHOD_MATCH = YES;
				COPY_PHASE_STRIP = NO;
				DEBUG_INFORMATION_FORMAT = dwarf;
				ENABLE_STRICT_OBJC_MSGSEND = YES;
				ENABLE_TESTABILITY = YES;
				ENABLE_USER_SCRIPT_SANDBOXING = YES;
				GCC_C_LANGUAGE_STANDARD = gnu17;
				GCC_DYNAMIC_NO_PIC = NO;
				GCC_NO_COMMON_BLOCKS = YES;
				GCC_OPTIMIZATION_LEVEL = 0;
				GCC_PREPROCESSOR_DEFINITIONS = (
					"DEBUG=1",
					"$(inherited)",
				);
				GCC_WARN_64_TO_32_BIT_CONVERSION = YES;
				GCC_WARN_ABOUT_RETURN_TYPE = YES_ERROR;
				GCC_WARN_UNDECLARED_SELECTOR = YES;
				GCC_WARN_UNINITIALIZED_AUTOS = YES_AGGRESSIVE;
				GCC_WARN_UNUSED_FUNCTION = YES;
				GCC_WARN_UNUSED_VARIABLE = YES;
				IPHONEOS_DEPLOYMENT_TARGET = 17.5;
				LOCALIZATION_PREFERS_STRING_CATALOGS = YES;
				MTL_ENABLE_DEBUG_INFO = INCLUDE_SOURCE;
				MTL_FAST_MATH = YES;
				ONLY_ACTIVE_ARCH = YES;
				SDKROOT = iphoneos;
				SWIFT_ACTIVE_COMPILATION_CONDITIONS = "DEBUG $(inherited)";
				SWIFT_OPTIMIZATION_LEVEL = "-Onone";
			};
			name = Debug;
		};
		4B82B9E22CC072E4009A1502 /* Release */ = {
			isa = XCBuildConfiguration;
			buildSettings = {
				ALWAYS_SEARCH_USER_PATHS = NO;
				ASSETCATALOG_COMPILER_GENERATE_SWIFT_ASSET_SYMBOL_EXTENSIONS = YES;
				CLANG_ANALYZER_NONNULL = YES;
				CLANG_ANALYZER_NUMBER_OBJECT_CONVERSION = YES_AGGRESSIVE;
				CLANG_CXX_LANGUAGE_STANDARD = "gnu++20";
				CLANG_ENABLE_MODULES = YES;
				CLANG_ENABLE_OBJC_ARC = YES;
				CLANG_ENABLE_OBJC_WEAK = YES;
				CLANG_WARN_BLOCK_CAPTURE_AUTORELEASING = YES;
				CLANG_WARN_BOOL_CONVERSION = YES;
				CLANG_WARN_COMMA = YES;
				CLANG_WARN_CONSTANT_CONVERSION = YES;
				CLANG_WARN_DEPRECATED_OBJC_IMPLEMENTATIONS = YES;
				CLANG_WARN_DIRECT_OBJC_ISA_USAGE = YES_ERROR;
				CLANG_WARN_DOCUMENTATION_COMMENTS = YES;
				CLANG_WARN_EMPTY_BODY = YES;
				CLANG_WARN_ENUM_CONVERSION = YES;
				CLANG_WARN_INFINITE_RECURSION = YES;
				CLANG_WARN_INT_CONVERSION = YES;
				CLANG_WARN_NON_LITERAL_NULL_CONVERSION = YES;
				CLANG_WARN_OBJC_IMPLICIT_RETAIN_SELF = YES;
				CLANG_WARN_OBJC_LITERAL_CONVERSION = YES;
				CLANG_WARN_OBJC_ROOT_CLASS = YES_ERROR;
				CLANG_WARN_QUOTED_INCLUDE_IN_FRAMEWORK_HEADER = YES;
				CLANG_WARN_RANGE_LOOP_ANALYSIS = YES;
				CLANG_WARN_STRICT_PROTOTYPES = YES;
				CLANG_WARN_SUSPICIOUS_MOVE = YES;
				CLANG_WARN_UNGUARDED_AVAILABILITY = YES_AGGRESSIVE;
				CLANG_WARN_UNREACHABLE_CODE = YES;
				CLANG_WARN__DUPLICATE_METHOD_MATCH = YES;
				COPY_PHASE_STRIP = NO;
				DEBUG_INFORMATION_FORMAT = "dwarf-with-dsym";
				ENABLE_NS_ASSERTIONS = NO;
				ENABLE_STRICT_OBJC_MSGSEND = YES;
				ENABLE_USER_SCRIPT_SANDBOXING = YES;
				GCC_C_LANGUAGE_STANDARD = gnu17;
				GCC_NO_COMMON_BLOCKS = YES;
				GCC_WARN_64_TO_32_BIT_CONVERSION = YES;
				GCC_WARN_ABOUT_RETURN_TYPE = YES_ERROR;
				GCC_WARN_UNDECLARED_SELECTOR = YES;
				GCC_WARN_UNINITIALIZED_AUTOS = YES_AGGRESSIVE;
				GCC_WARN_UNUSED_FUNCTION = YES;
				GCC_WARN_UNUSED_VARIABLE = YES;
				IPHONEOS_DEPLOYMENT_TARGET = 17.5;
				LOCALIZATION_PREFERS_STRING_CATALOGS = YES;
				MTL_ENABLE_DEBUG_INFO = NO;
				MTL_FAST_MATH = YES;
				SDKROOT = iphoneos;
				SWIFT_COMPILATION_MODE = wholemodule;
				VALIDATE_PRODUCT = YES;
			};
			name = Release;
		};
		4B82B9E42CC072E4009A1502 /* Debug */ = {
			isa = XCBuildConfiguration;
			buildSettings = {
				ASSETCATALOG_COMPILER_APPICON_NAME = AppIcon;
				ASSETCATALOG_COMPILER_GLOBAL_ACCENT_COLOR_NAME = AccentColor;
				CODE_SIGN_STYLE = Automatic;
				CURRENT_PROJECT_VERSION = 1;
				DEVELOPMENT_ASSET_PATHS = "\"WordIQ/Preview Content\"";
				DEVELOPMENT_TEAM = WZ6NWM775D;
				ENABLE_PREVIEWS = YES;
				GENERATE_INFOPLIST_FILE = YES;
				INFOPLIST_FILE = WordIQ/Info.plist;
				INFOPLIST_KEY_UIApplicationSceneManifest_Generation = YES;
				INFOPLIST_KEY_UIApplicationSupportsIndirectInputEvents = YES;
				INFOPLIST_KEY_UILaunchScreen_Generation = YES;
				INFOPLIST_KEY_UISupportedInterfaceOrientations_iPad = "UIInterfaceOrientationPortrait UIInterfaceOrientationPortraitUpsideDown UIInterfaceOrientationLandscapeLeft UIInterfaceOrientationLandscapeRight";
				INFOPLIST_KEY_UISupportedInterfaceOrientations_iPhone = "UIInterfaceOrientationPortrait UIInterfaceOrientationLandscapeLeft UIInterfaceOrientationLandscapeRight";
				LD_RUNPATH_SEARCH_PATHS = (
					"$(inherited)",
					"@executable_path/Frameworks",
				);
				MARKETING_VERSION = 1.0;
				PRODUCT_BUNDLE_IDENTIFIER = capygames.WordIQ;
				PRODUCT_NAME = "$(TARGET_NAME)";
				SWIFT_EMIT_LOC_STRINGS = YES;
				SWIFT_VERSION = 5.0;
				TARGETED_DEVICE_FAMILY = "1,2";
			};
			name = Debug;
		};
		4B82B9E52CC072E4009A1502 /* Release */ = {
			isa = XCBuildConfiguration;
			buildSettings = {
				ASSETCATALOG_COMPILER_APPICON_NAME = AppIcon;
				ASSETCATALOG_COMPILER_GLOBAL_ACCENT_COLOR_NAME = AccentColor;
				CODE_SIGN_STYLE = Automatic;
				CURRENT_PROJECT_VERSION = 1;
				DEVELOPMENT_ASSET_PATHS = "\"WordIQ/Preview Content\"";
				DEVELOPMENT_TEAM = WZ6NWM775D;
				ENABLE_PREVIEWS = YES;
				GENERATE_INFOPLIST_FILE = YES;
				INFOPLIST_FILE = WordIQ/Info.plist;
				INFOPLIST_KEY_UIApplicationSceneManifest_Generation = YES;
				INFOPLIST_KEY_UIApplicationSupportsIndirectInputEvents = YES;
				INFOPLIST_KEY_UILaunchScreen_Generation = YES;
				INFOPLIST_KEY_UISupportedInterfaceOrientations_iPad = "UIInterfaceOrientationPortrait UIInterfaceOrientationPortraitUpsideDown UIInterfaceOrientationLandscapeLeft UIInterfaceOrientationLandscapeRight";
				INFOPLIST_KEY_UISupportedInterfaceOrientations_iPhone = "UIInterfaceOrientationPortrait UIInterfaceOrientationLandscapeLeft UIInterfaceOrientationLandscapeRight";
				LD_RUNPATH_SEARCH_PATHS = (
					"$(inherited)",
					"@executable_path/Frameworks",
				);
				MARKETING_VERSION = 1.0;
				PRODUCT_BUNDLE_IDENTIFIER = capygames.WordIQ;
				PRODUCT_NAME = "$(TARGET_NAME)";
				SWIFT_EMIT_LOC_STRINGS = YES;
				SWIFT_VERSION = 5.0;
				TARGETED_DEVICE_FAMILY = "1,2";
			};
			name = Release;
		};
/* End XCBuildConfiguration section */

/* Begin XCConfigurationList section */
		4B82B9CE2CC072E2009A1502 /* Build configuration list for PBXProject "WordIQ" */ = {
			isa = XCConfigurationList;
			buildConfigurations = (
				4B82B9E12CC072E4009A1502 /* Debug */,
				4B82B9E22CC072E4009A1502 /* Release */,
			);
			defaultConfigurationIsVisible = 0;
			defaultConfigurationName = Release;
		};
		4B82B9E32CC072E4009A1502 /* Build configuration list for PBXNativeTarget "WordIQ" */ = {
			isa = XCConfigurationList;
			buildConfigurations = (
				4B82B9E42CC072E4009A1502 /* Debug */,
				4B82B9E52CC072E4009A1502 /* Release */,
			);
			defaultConfigurationIsVisible = 0;
			defaultConfigurationName = Release;
		};
/* End XCConfigurationList section */
	};
	rootObject = 4B82B9CB2CC072E2009A1502 /* Project object */;
}
